
Microsoft Visual Studio Solution File, Format Version 12.00
# Visual Studio 14
VisualStudioVersion = 14.0.25420.1
MinimumVisualStudioVersion = 10.0.40219.1
Project("{8BC9CEB8-8B4A-11D0-8D11-00A0C91BC942}") = "vretbox", "vretbox\vretbox.vcxproj", "{FD906FB6-8216-49F9-9F52-D4C152328844}"
EndProject
Project("{8BC9CEB8-8B4A-11D0-8D11-00A0C91BC942}") = "defuse", "..\libs\defuse\defuse.vcxproj", "{D043412E-B3CC-44C5-AD29-ABADF5B76AF8}"
EndProject
Project("{8BC9CEB8-8B4A-11D0-8D11-00A0C91BC942}") = "cpluslogger", "..\libs\cpluslogger\cpluslogger.vcxproj", "{186A48D8-D854-47CD-8500-45D11F4F3200}"
EndProject
Project("{8BC9CEB8-8B4A-11D0-8D11-00A0C91BC942}") = "cplusutil", "..\libs\cplusutil\cplusutil.vcxproj", "{85ADE0AE-2071-4372-96F8-F8C9A758F489}"
EndProject
Project("{8BC9CEB8-8B4A-11D0-8D11-00A0C91BC942}") = "test_features", "..\tests\test_features\test_features.vcxproj", "{5DC24B29-7B36-4294-9A70-67BFFD7B0E1B}"
EndProject
Global
	GlobalSection(SolutionConfigurationPlatforms) = preSolution
		Debug|x64 = Debug|x64
		Debug|x86 = Debug|x86
		Release|x64 = Release|x64
		Release|x86 = Release|x86
	EndGlobalSection
	GlobalSection(ProjectConfigurationPlatforms) = postSolution
		{FD906FB6-8216-49F9-9F52-D4C152328844}.Debug|x64.ActiveCfg = Debug|x64
		{FD906FB6-8216-49F9-9F52-D4C152328844}.Debug|x64.Build.0 = Debug|x64
		{FD906FB6-8216-49F9-9F52-D4C152328844}.Debug|x86.ActiveCfg = Debug|x64
		{FD906FB6-8216-49F9-9F52-D4C152328844}.Release|x64.ActiveCfg = Release|x64
		{FD906FB6-8216-49F9-9F52-D4C152328844}.Release|x64.Build.0 = Release|x64
		{FD906FB6-8216-49F9-9F52-D4C152328844}.Release|x86.ActiveCfg = Release|x64
		{D043412E-B3CC-44C5-AD29-ABADF5B76AF8}.Debug|x64.ActiveCfg = Debug|x64
		{D043412E-B3CC-44C5-AD29-ABADF5B76AF8}.Debug|x64.Build.0 = Debug|x64
		{D043412E-B3CC-44C5-AD29-ABADF5B76AF8}.Debug|x86.ActiveCfg = Debug|x64
		{D043412E-B3CC-44C5-AD29-ABADF5B76AF8}.Release|x64.ActiveCfg = Release|x64
		{D043412E-B3CC-44C5-AD29-ABADF5B76AF8}.Release|x64.Build.0 = Release|x64
		{D043412E-B3CC-44C5-AD29-ABADF5B76AF8}.Release|x86.ActiveCfg = Release|x64
		{186A48D8-D854-47CD-8500-45D11F4F3200}.Debug|x64.ActiveCfg = Debug|x64
		{186A48D8-D854-47CD-8500-45D11F4F3200}.Debug|x64.Build.0 = Debug|x64
		{186A48D8-D854-47CD-8500-45D11F4F3200}.Debug|x86.ActiveCfg = Debug|x64
		{186A48D8-D854-47CD-8500-45D11F4F3200}.Release|x64.ActiveCfg = Release|x64
		{186A48D8-D854-47CD-8500-45D11F4F3200}.Release|x64.Build.0 = Release|x64
		{186A48D8-D854-47CD-8500-45D11F4F3200}.Release|x86.ActiveCfg = Release|x64
		{85ADE0AE-2071-4372-96F8-F8C9A758F489}.Debug|x64.ActiveCfg = Debug|x64
		{85ADE0AE-2071-4372-96F8-F8C9A758F489}.Debug|x64.Build.0 = Debug|x64
		{85ADE0AE-2071-4372-96F8-F8C9A758F489}.Debug|x86.ActiveCfg = Debug|x64
		{85ADE0AE-2071-4372-96F8-F8C9A758F489}.Release|x64.ActiveCfg = Release|x64
		{85ADE0AE-2071-4372-96F8-F8C9A758F489}.Release|x64.Build.0 = Release|x64
		{85ADE0AE-2071-4372-96F8-F8C9A758F489}.Release|x86.ActiveCfg = Release|x64
		{5DC24B29-7B36-4294-9A70-67BFFD7B0E1B}.Debug|x64.ActiveCfg = Debug|x64
		{5DC24B29-7B36-4294-9A70-67BFFD7B0E1B}.Debug|x64.Build.0 = Debug|x64
		{5DC24B29-7B36-4294-9A70-67BFFD7B0E1B}.Debug|x86.ActiveCfg = Debug|x64
		{5DC24B29-7B36-4294-9A70-67BFFD7B0E1B}.Release|x64.ActiveCfg = Release|x64
		{5DC24B29-7B36-4294-9A70-67BFFD7B0E1B}.Release|x64.Build.0 = Release|x64
		{5DC24B29-7B36-4294-9A70-67BFFD7B0E1B}.Release|x86.ActiveCfg = Release|x64
	EndGlobalSection
	GlobalSection(SolutionProperties) = preSolution
		HideSolutionNode = FALSE
	EndGlobalSection
EndGlobal
